
Microsoft Visual Studio Solution File, Format Version 12.00
# Visual Studio Version 17
VisualStudioVersion = 17.0.31912.275
MinimumVisualStudioVersion = 10.0.40219.1
Project("{9A19103F-16F7-4668-BE54-9A1E7A4F7556}") = "MBusReader", "MBusReader\MBusReader.csproj", "{A00E9E52-1EFE-4F41-AE8E-858D44AC1247}"
EndProject
Project("{9A19103F-16F7-4668-BE54-9A1E7A4F7556}") = "JustRead", "JustRead\JustRead.csproj", "{17DBB73C-F5F6-437A-ABA9-9AB697DECA62}"
EndProject
Project("{9A19103F-16F7-4668-BE54-9A1E7A4F7556}") = "MessageParser", "MessageParser\MessageParser.csproj", "{3DD844D2-B411-4B65-84DE-AE9250618998}"
EndProject
Project("{9A19103F-16F7-4668-BE54-9A1E7A4F7556}") = "JustParse", "JustParse\JustParse.csproj", "{76ED0F88-4752-4D9C-A859-C077B854B5E1}"
EndProject
Project("{9A19103F-16F7-4668-BE54-9A1E7A4F7556}") = "MessageService", "MessageService\MessageService.csproj", "{A5066648-5C36-4C98-AE19-0E69BFB6BBD7}"
EndProject
Project("{9A19103F-16F7-4668-BE54-9A1E7A4F7556}") = "Reader.Console", "Reader.Console\Reader.Console.csproj", "{CADC705B-061D-489E-8A41-D8189B2BBCF6}"
EndProject
Project("{9A19103F-16F7-4668-BE54-9A1E7A4F7556}") = "AzureServiceBus", "AzureServiceBus\AzureServiceBus.csproj", "{5168F735-AA2F-49D1-B05D-955B5EF6F00A}"
EndProject
Project("{2150E333-8FDC-42A3-9474-1A3956D46DE8}") = "src", "src", "{D6D83CB8-7535-45DF-8326-C8D6148B2F5E}"
EndProject
Project("{9A19103F-16F7-4668-BE54-9A1E7A4F7556}") = "Application", "src\Application\Application.csproj", "{A951F70D-24C0-4B45-B2B3-C5A1EBBFA887}"
EndProject
Project("{9A19103F-16F7-4668-BE54-9A1E7A4F7556}") = "Domain", "src\Domain\Domain.csproj", "{53851C96-D85E-4D98-817A-49FF68709155}"
EndProject
Project("{9A19103F-16F7-4668-BE54-9A1E7A4F7556}") = "Infrastructure", "src\Infrastructure\Infrastructure.csproj", "{7738F03D-CAF2-4A8E-8299-D3F6EB9EF3D2}"
EndProject
Project("{9A19103F-16F7-4668-BE54-9A1E7A4F7556}") = "TimerGeneratedStatistics", "TimerGeneratedStatistics\TimerGeneratedStatistics.csproj", "{4CF995BA-42FD-4B89-92A0-736215EAADE1}"
EndProject
Project("{FAE04EC0-301F-11D3-BF4B-00C04F79EFBC}") = "ServiceBusReadFunction", "ServiceBusReadFunction\ServiceBusReadFunction.csproj", "{7D9F2EE4-79B4-43F1-BA05-7D4F1184614B}"
EndProject
Project("{2150E333-8FDC-42A3-9474-1A3956D46DE8}") = "Tests", "Tests", "{FD51443F-7FEF-465F-9065-5D317F92CBD5}"
EndProject
Project("{FAE04EC0-301F-11D3-BF4B-00C04F79EFBC}") = "TestPriceClient", "tests\TestPriceClient\TestPriceClient.csproj", "{CA33948F-F3FA-48EE-9A06-D4604CB0B34D}"
EndProject
Project("{FAE04EC0-301F-11D3-BF4B-00C04F79EFBC}") = "TestExchangeRateClient", "tests\TestExchangeRateClient\TestExchangeRateClient.csproj", "{720DFBB2-5A48-4A36-BC88-7DC02AE76E0A}"
EndProject
Project("{FAE04EC0-301F-11D3-BF4B-00C04F79EFBC}") = "TestMqttBroker", "tests\TestMqttBroker\TestMqttBroker.csproj", "{0980C761-2627-4B08-AAE7-BFF250B20B1E}"
EndProject
Project("{FAE04EC0-301F-11D3-BF4B-00C04F79EFBC}") = "MqttReader.Console", "MqttReader.Console\MqttReader.Console.csproj", "{2C8B3288-A7B5-4197-868E-BDC56A34409D}"
EndProject
Project("{FAE04EC0-301F-11D3-BF4B-00C04F79EFBC}") = "TestStatRepository", "tests\TestStatRepository\TestStatRepository.csproj", "{0CA2405E-E22A-4E9D-B1B1-9259C021D6D8}"
EndProject
Project("{FAE04EC0-301F-11D3-BF4B-00C04F79EFBC}") = "TestConsoleApp", "TestConsoleApp\TestConsoleApp.csproj", "{191870A3-992E-4A22-87FE-D49B618ACEF1}"
EndProject
Global
	GlobalSection(SolutionConfigurationPlatforms) = preSolution
		Debug|Any CPU = Debug|Any CPU
		Release|Any CPU = Release|Any CPU
	EndGlobalSection
	GlobalSection(ProjectConfigurationPlatforms) = postSolution
		{A00E9E52-1EFE-4F41-AE8E-858D44AC1247}.Debug|Any CPU.ActiveCfg = Debug|Any CPU
		{A00E9E52-1EFE-4F41-AE8E-858D44AC1247}.Debug|Any CPU.Build.0 = Debug|Any CPU
		{A00E9E52-1EFE-4F41-AE8E-858D44AC1247}.Release|Any CPU.ActiveCfg = Release|Any CPU
		{A00E9E52-1EFE-4F41-AE8E-858D44AC1247}.Release|Any CPU.Build.0 = Release|Any CPU
		{17DBB73C-F5F6-437A-ABA9-9AB697DECA62}.Debug|Any CPU.ActiveCfg = Debug|Any CPU
		{17DBB73C-F5F6-437A-ABA9-9AB697DECA62}.Debug|Any CPU.Build.0 = Debug|Any CPU
		{17DBB73C-F5F6-437A-ABA9-9AB697DECA62}.Release|Any CPU.ActiveCfg = Release|Any CPU
		{17DBB73C-F5F6-437A-ABA9-9AB697DECA62}.Release|Any CPU.Build.0 = Release|Any CPU
		{3DD844D2-B411-4B65-84DE-AE9250618998}.Debug|Any CPU.ActiveCfg = Debug|Any CPU
		{3DD844D2-B411-4B65-84DE-AE9250618998}.Debug|Any CPU.Build.0 = Debug|Any CPU
		{3DD844D2-B411-4B65-84DE-AE9250618998}.Release|Any CPU.ActiveCfg = Release|Any CPU
		{3DD844D2-B411-4B65-84DE-AE9250618998}.Release|Any CPU.Build.0 = Release|Any CPU
		{76ED0F88-4752-4D9C-A859-C077B854B5E1}.Debug|Any CPU.ActiveCfg = Debug|Any CPU
		{76ED0F88-4752-4D9C-A859-C077B854B5E1}.Debug|Any CPU.Build.0 = Debug|Any CPU
		{76ED0F88-4752-4D9C-A859-C077B854B5E1}.Release|Any CPU.ActiveCfg = Release|Any CPU
		{76ED0F88-4752-4D9C-A859-C077B854B5E1}.Release|Any CPU.Build.0 = Release|Any CPU
		{A5066648-5C36-4C98-AE19-0E69BFB6BBD7}.Debug|Any CPU.ActiveCfg = Debug|Any CPU
		{A5066648-5C36-4C98-AE19-0E69BFB6BBD7}.Debug|Any CPU.Build.0 = Debug|Any CPU
		{A5066648-5C36-4C98-AE19-0E69BFB6BBD7}.Release|Any CPU.ActiveCfg = Release|Any CPU
		{A5066648-5C36-4C98-AE19-0E69BFB6BBD7}.Release|Any CPU.Build.0 = Release|Any CPU
		{CADC705B-061D-489E-8A41-D8189B2BBCF6}.Debug|Any CPU.ActiveCfg = Debug|Any CPU
		{CADC705B-061D-489E-8A41-D8189B2BBCF6}.Debug|Any CPU.Build.0 = Debug|Any CPU
		{CADC705B-061D-489E-8A41-D8189B2BBCF6}.Release|Any CPU.ActiveCfg = Release|Any CPU
		{CADC705B-061D-489E-8A41-D8189B2BBCF6}.Release|Any CPU.Build.0 = Release|Any CPU
		{5168F735-AA2F-49D1-B05D-955B5EF6F00A}.Debug|Any CPU.ActiveCfg = Debug|Any CPU
		{5168F735-AA2F-49D1-B05D-955B5EF6F00A}.Debug|Any CPU.Build.0 = Debug|Any CPU
		{5168F735-AA2F-49D1-B05D-955B5EF6F00A}.Release|Any CPU.ActiveCfg = Release|Any CPU
		{5168F735-AA2F-49D1-B05D-955B5EF6F00A}.Release|Any CPU.Build.0 = Release|Any CPU
		{A951F70D-24C0-4B45-B2B3-C5A1EBBFA887}.Debug|Any CPU.ActiveCfg = Debug|Any CPU
		{A951F70D-24C0-4B45-B2B3-C5A1EBBFA887}.Debug|Any CPU.Build.0 = Debug|Any CPU
		{A951F70D-24C0-4B45-B2B3-C5A1EBBFA887}.Release|Any CPU.ActiveCfg = Release|Any CPU
		{A951F70D-24C0-4B45-B2B3-C5A1EBBFA887}.Release|Any CPU.Build.0 = Release|Any CPU
		{53851C96-D85E-4D98-817A-49FF68709155}.Debug|Any CPU.ActiveCfg = Debug|Any CPU
		{53851C96-D85E-4D98-817A-49FF68709155}.Debug|Any CPU.Build.0 = Debug|Any CPU
		{53851C96-D85E-4D98-817A-49FF68709155}.Release|Any CPU.ActiveCfg = Release|Any CPU
		{53851C96-D85E-4D98-817A-49FF68709155}.Release|Any CPU.Build.0 = Release|Any CPU
		{7738F03D-CAF2-4A8E-8299-D3F6EB9EF3D2}.Debug|Any CPU.ActiveCfg = Debug|Any CPU
		{7738F03D-CAF2-4A8E-8299-D3F6EB9EF3D2}.Debug|Any CPU.Build.0 = Debug|Any CPU
		{7738F03D-CAF2-4A8E-8299-D3F6EB9EF3D2}.Release|Any CPU.ActiveCfg = Release|Any CPU
		{7738F03D-CAF2-4A8E-8299-D3F6EB9EF3D2}.Release|Any CPU.Build.0 = Release|Any CPU
		{4CF995BA-42FD-4B89-92A0-736215EAADE1}.Debug|Any CPU.ActiveCfg = Debug|Any CPU
		{4CF995BA-42FD-4B89-92A0-736215EAADE1}.Debug|Any CPU.Build.0 = Debug|Any CPU
		{4CF995BA-42FD-4B89-92A0-736215EAADE1}.Release|Any CPU.ActiveCfg = Release|Any CPU
		{4CF995BA-42FD-4B89-92A0-736215EAADE1}.Release|Any CPU.Build.0 = Release|Any CPU
		{7D9F2EE4-79B4-43F1-BA05-7D4F1184614B}.Debug|Any CPU.ActiveCfg = Debug|Any CPU
		{7D9F2EE4-79B4-43F1-BA05-7D4F1184614B}.Debug|Any CPU.Build.0 = Debug|Any CPU
		{7D9F2EE4-79B4-43F1-BA05-7D4F1184614B}.Release|Any CPU.ActiveCfg = Release|Any CPU
		{7D9F2EE4-79B4-43F1-BA05-7D4F1184614B}.Release|Any CPU.Build.0 = Release|Any CPU
		{CA33948F-F3FA-48EE-9A06-D4604CB0B34D}.Debug|Any CPU.ActiveCfg = Debug|Any CPU
		{CA33948F-F3FA-48EE-9A06-D4604CB0B34D}.Debug|Any CPU.Build.0 = Debug|Any CPU
		{CA33948F-F3FA-48EE-9A06-D4604CB0B34D}.Release|Any CPU.ActiveCfg = Release|Any CPU
		{CA33948F-F3FA-48EE-9A06-D4604CB0B34D}.Release|Any CPU.Build.0 = Release|Any CPU
		{720DFBB2-5A48-4A36-BC88-7DC02AE76E0A}.Debug|Any CPU.ActiveCfg = Debug|Any CPU
		{720DFBB2-5A48-4A36-BC88-7DC02AE76E0A}.Debug|Any CPU.Build.0 = Debug|Any CPU
		{720DFBB2-5A48-4A36-BC88-7DC02AE76E0A}.Release|Any CPU.ActiveCfg = Release|Any CPU
		{720DFBB2-5A48-4A36-BC88-7DC02AE76E0A}.Release|Any CPU.Build.0 = Release|Any CPU
		{0980C761-2627-4B08-AAE7-BFF250B20B1E}.Debug|Any CPU.ActiveCfg = Debug|Any CPU
		{0980C761-2627-4B08-AAE7-BFF250B20B1E}.Debug|Any CPU.Build.0 = Debug|Any CPU
		{0980C761-2627-4B08-AAE7-BFF250B20B1E}.Release|Any CPU.ActiveCfg = Release|Any CPU
		{0980C761-2627-4B08-AAE7-BFF250B20B1E}.Release|Any CPU.Build.0 = Release|Any CPU
		{2C8B3288-A7B5-4197-868E-BDC56A34409D}.Debug|Any CPU.ActiveCfg = Debug|Any CPU
		{2C8B3288-A7B5-4197-868E-BDC56A34409D}.Debug|Any CPU.Build.0 = Debug|Any CPU
		{2C8B3288-A7B5-4197-868E-BDC56A34409D}.Release|Any CPU.ActiveCfg = Release|Any CPU
		{2C8B3288-A7B5-4197-868E-BDC56A34409D}.Release|Any CPU.Build.0 = Release|Any CPU
		{0CA2405E-E22A-4E9D-B1B1-9259C021D6D8}.Debug|Any CPU.ActiveCfg = Debug|Any CPU
		{0CA2405E-E22A-4E9D-B1B1-9259C021D6D8}.Debug|Any CPU.Build.0 = Debug|Any CPU
		{0CA2405E-E22A-4E9D-B1B1-9259C021D6D8}.Release|Any CPU.ActiveCfg = Release|Any CPU
		{0CA2405E-E22A-4E9D-B1B1-9259C021D6D8}.Release|Any CPU.Build.0 = Release|Any CPU
		{191870A3-992E-4A22-87FE-D49B618ACEF1}.Debug|Any CPU.ActiveCfg = Debug|Any CPU
		{191870A3-992E-4A22-87FE-D49B618ACEF1}.Debug|Any CPU.Build.0 = Debug|Any CPU
		{191870A3-992E-4A22-87FE-D49B618ACEF1}.Release|Any CPU.ActiveCfg = Release|Any CPU
		{191870A3-992E-4A22-87FE-D49B618ACEF1}.Release|Any CPU.Build.0 = Release|Any CPU
	EndGlobalSection
	GlobalSection(SolutionProperties) = preSolution
		HideSolutionNode = FALSE
	EndGlobalSection
	GlobalSection(NestedProjects) = preSolution
		{A951F70D-24C0-4B45-B2B3-C5A1EBBFA887} = {D6D83CB8-7535-45DF-8326-C8D6148B2F5E}
		{53851C96-D85E-4D98-817A-49FF68709155} = {D6D83CB8-7535-45DF-8326-C8D6148B2F5E}
		{7738F03D-CAF2-4A8E-8299-D3F6EB9EF3D2} = {D6D83CB8-7535-45DF-8326-C8D6148B2F5E}
		{CA33948F-F3FA-48EE-9A06-D4604CB0B34D} = {FD51443F-7FEF-465F-9065-5D317F92CBD5}
		{720DFBB2-5A48-4A36-BC88-7DC02AE76E0A} = {FD51443F-7FEF-465F-9065-5D317F92CBD5}
		{0980C761-2627-4B08-AAE7-BFF250B20B1E} = {FD51443F-7FEF-465F-9065-5D317F92CBD5}
		{0CA2405E-E22A-4E9D-B1B1-9259C021D6D8} = {FD51443F-7FEF-465F-9065-5D317F92CBD5}
	EndGlobalSection
	GlobalSection(ExtensibilityGlobals) = postSolution
		SolutionGuid = {F1106D1D-ADEA-4720-B01B-C796AE4C1462}
	EndGlobalSection
EndGlobal
